
Microsoft Visual Studio Solution File, Format Version 12.00
# Visual Studio Version 17
VisualStudioVersion = 17.14.36623.8 d17.14
MinimumVisualStudioVersion = 10.0.40219.1
Project("{FAE04EC0-301F-11D3-BF4B-00C04F79EFBC}") = "LocalClockMcpServer", "LocalClockMcpServer\LocalClockMcpServer.csproj", "{EF9FD2DB-411C-419F-8095-8E38FA7954DC}"
EndProject
Global
	GlobalSection(SolutionConfigurationPlatforms) = preSolution
		Debug|Any CPU = Debug|Any CPU
		Release|Any CPU = Release|Any CPU
	EndGlobalSection
	GlobalSection(ProjectConfigurationPlatforms) = postSolution
		{EF9FD2DB-411C-419F-8095-8E38FA7954DC}.Debug|Any CPU.ActiveCfg = Debug|Any CPU
		{EF9FD2DB-411C-419F-8095-8E38FA7954DC}.Debug|Any CPU.Build.0 = Debug|Any CPU
		{EF9FD2DB-411C-419F-8095-8E38FA7954DC}.Release|Any CPU.ActiveCfg = Release|Any CPU
		{EF9FD2DB-411C-419F-8095-8E38FA7954DC}.Release|Any CPU.Build.0 = Release|Any CPU
	EndGlobalSection
	GlobalSection(SolutionProperties) = preSolution
		HideSolutionNode = FALSE
	EndGlobalSection
	GlobalSection(ExtensibilityGlobals) = postSolution
		SolutionGuid = {B3FC3B39-4150-4BF8-B4B4-28FE3875B6AB}
	EndGlobalSection
EndGlobal
